// !$*UTF8*$!
{
	archiveVersion = 1;
	classes = {
	};
	objectVersion = 56;
	objects = {

/* Begin PBXBuildFile section */
		16E655A02D8510CB00BF1A1E /* LifePilot2App.swift in Sources */ = {isa = PBXBuildFile; fileRef = 16E6559F2D8510CB00BF1A1E /* LifePilot2App.swift */; };
		16E655A22D8510CB00BF1A1E /* ContentView.swift in Sources */ = {isa = PBXBuildFile; fileRef = 16E655A12D8510CB00BF1A1E /* ContentView.swift */; };
		16E655A42D8510CB00BF1A1E /* Item.swift in Sources */ = {isa = PBXBuildFile; fileRef = 16E655A32D8510CB00BF1A1E /* Item.swift */; };
		16E655A62D8510CF00BF1A1E /* Assets.xcassets in Resources */ = {isa = PBXBuildFile; fileRef = 16E655A52D8510CF00BF1A1E /* Assets.xcassets */; };
		16E655AA2D8510D000BF1A1E /* Preview Assets.xcassets in Resources */ = {isa = PBXBuildFile; fileRef = 16E655A92D8510D000BF1A1E /* Preview Assets.xcassets */; };
		16E655B42D8510D000BF1A1E /* LifePilot2Tests.swift in Sources */ = {isa = PBXBuildFile; fileRef = 16E655B32D8510D000BF1A1E /* LifePilot2Tests.swift */; };
		16E655BE2D8510D000BF1A1E /* LifePilot2UITests.swift in Sources */ = {isa = PBXBuildFile; fileRef = 16E655BD2D8510D000BF1A1E /* LifePilot2UITests.swift */; };
		16E655C02D8510D000BF1A1E /* LifePilot2UITestsLaunchTests.swift in Sources */ = {isa = PBXBuildFile; fileRef = 16E655BF2D8510D000BF1A1E /* LifePilot2UITestsLaunchTests.swift */; };
		16E655D12D8511DA00BF1A1E /* WeeklyScheduleView.swift in Sources */ = {isa = PBXBuildFile; fileRef = 16E655D02D8511DA00BF1A1E /* WeeklyScheduleView.swift */; };
		16E655D32D8511FA00BF1A1E /* WeeklyScheduleViewModel.swift in Sources */ = {isa = PBXBuildFile; fileRef = 16E655D22D8511FA00BF1A1E /* WeeklyScheduleViewModel.swift */; };
		16E655D52D85122100BF1A1E /* ScheduleModels.swift in Sources */ = {isa = PBXBuildFile; fileRef = 16E655D42D85122100BF1A1E /* ScheduleModels.swift */; };
		16E655D72D85124F00BF1A1E /* OnboardingView.swift in Sources */ = {isa = PBXBuildFile; fileRef = 16E655D62D85124F00BF1A1E /* OnboardingView.swift */; };
		16E655DA2D85128700BF1A1E /* OnboardingCoordinator.swift in Sources */ = {isa = PBXBuildFile; fileRef = 16E655D92D85128700BF1A1E /* OnboardingCoordinator.swift */; };
		16E655DC2D8512A900BF1A1E /* PersonalizedAnalysisView.swift in Sources */ = {isa = PBXBuildFile; fileRef = 16E655DB2D8512A900BF1A1E /* PersonalizedAnalysisView.swift */; };
		16E655DF2D8512DF00BF1A1E /* EvidenceLinkView.swift in Sources */ = {isa = PBXBuildFile; fileRef = 16E655DE2D8512DF00BF1A1E /* EvidenceLinkView.swift */; };
		16E655E12D8512FA00BF1A1E /* RecommendationCardView.swift in Sources */ = {isa = PBXBuildFile; fileRef = 16E655E02D8512FA00BF1A1E /* RecommendationCardView.swift */; };
		16E655E32D85131500BF1A1E /* InsightCardView.swift in Sources */ = {isa = PBXBuildFile; fileRef = 16E655E22D85131500BF1A1E /* InsightCardView.swift */; };
		16E655E52D85135B00BF1A1E /* FirebaseService.swift in Sources */ = {isa = PBXBuildFile; fileRef = 16E655E42D85135B00BF1A1E /* FirebaseService.swift */; };
		16E655E72D85137B00BF1A1E /* CohereService.swift in Sources */ = {isa = PBXBuildFile; fileRef = 16E655E62D85137B00BF1A1E /* CohereService.swift */; };
		16E655E92D8513C900BF1A1E /* UserModels.swift in Sources */ = {isa = PBXBuildFile; fileRef = 16E655E82D8513C900BF1A1E /* UserModels.swift */; };
		16E655EB2D85140700BF1A1E /* AppConfig.swift in Sources */ = {isa = PBXBuildFile; fileRef = 16E655EA2D85140700BF1A1E /* AppConfig.swift */; };
		16E655ED2D85194C00BF1A1E /* PersonalizedAnalysisViewModel.swift in Sources */ = {isa = PBXBuildFile; fileRef = 16E655EC2D85194C00BF1A1E /* PersonalizedAnalysisViewModel.swift */; };
		16E655EF2D8520D200BF1A1E /* GoogleService-Info.plist in Resources */ = {isa = PBXBuildFile; fileRef = 16E655EE2D8520D200BF1A1E /* GoogleService-Info.plist */; };
		16E655F22D85247E00BF1A1E /* FirebaseAuth in Frameworks */ = {isa = PBXBuildFile; productRef = 16E655F12D85247E00BF1A1E /* FirebaseAuth */; };
		16E655F42D85247E00BF1A1E /* FirebaseFirestore in Frameworks */ = {isa = PBXBuildFile; productRef = 16E655F32D85247E00BF1A1E /* FirebaseFirestore */; };
		16E89DC02D87AA64009E2CE0 /* AuthViewModel.swift in Sources */ = {isa = PBXBuildFile; fileRef = 16E89DBF2D87AA64009E2CE0 /* AuthViewModel.swift */; };
		16E89DC22D87AAC9009E2CE0 /* AuthView.swift in Sources */ = {isa = PBXBuildFile; fileRef = 16E89DC12D87AAC8009E2CE0 /* AuthView.swift */; };
		16E89DC42D87AB21009E2CE0 /* SettingsView.swift in Sources */ = {isa = PBXBuildFile; fileRef = 16E89DC32D87AB21009E2CE0 /* SettingsView.swift */; };
		16E89DC62D87B2C9009E2CE0 /* FirebaseConfigCheck.swift in Sources */ = {isa = PBXBuildFile; fileRef = 16E89DC52D87B2C9009E2CE0 /* FirebaseConfigCheck.swift */; };
		16E89DC82D87B874009E2CE0 /* AuthLoadingView.swift in Sources */ = {isa = PBXBuildFile; fileRef = 16E89DC72D87B874009E2CE0 /* AuthLoadingView.swift */; };
		16E89DCA2D87B967009E2CE0 /* AuthErrorView.swift in Sources */ = {isa = PBXBuildFile; fileRef = 16E89DC92D87B967009E2CE0 /* AuthErrorView.swift */; };
/* End PBXBuildFile section */

/* Begin PBXContainerItemProxy section */
		16E655B02D8510D000BF1A1E /* PBXContainerItemProxy */ = {
			isa = PBXContainerItemProxy;
			containerPortal = 16E655942D8510CB00BF1A1E /* Project object */;
			proxyType = 1;
			remoteGlobalIDString = 16E6559B2D8510CB00BF1A1E;
			remoteInfo = LifePilot2;
		};
		16E655BA2D8510D000BF1A1E /* PBXContainerItemProxy */ = {
			isa = PBXContainerItemProxy;
			containerPortal = 16E655942D8510CB00BF1A1E /* Project object */;
			proxyType = 1;
			remoteGlobalIDString = 16E6559B2D8510CB00BF1A1E;
			remoteInfo = LifePilot2;
		};
/* End PBXContainerItemProxy section */

/* Begin PBXFileReference section */
		16E6559C2D8510CB00BF1A1E /* LifePilot2.app */ = {isa = PBXFileReference; explicitFileType = wrapper.application; includeInIndex = 0; path = LifePilot2.app; sourceTree = BUILT_PRODUCTS_DIR; };
		16E6559F2D8510CB00BF1A1E /* LifePilot2App.swift */ = {isa = PBXFileReference; lastKnownFileType = sourcecode.swift; path = LifePilot2App.swift; sourceTree = "<group>"; };
		16E655A12D8510CB00BF1A1E /* ContentView.swift */ = {isa = PBXFileReference; lastKnownFileType = sourcecode.swift; path = ContentView.swift; sourceTree = "<group>"; };
		16E655A32D8510CB00BF1A1E /* Item.swift */ = {isa = PBXFileReference; lastKnownFileType = sourcecode.swift; path = Item.swift; sourceTree = "<group>"; };
		16E655A52D8510CF00BF1A1E /* Assets.xcassets */ = {isa = PBXFileReference; lastKnownFileType = folder.assetcatalog; path = Assets.xcassets; sourceTree = "<group>"; };
		16E655A72D8510CF00BF1A1E /* LifePilot2.entitlements */ = {isa = PBXFileReference; lastKnownFileType = text.plist.entitlements; path = LifePilot2.entitlements; sourceTree = "<group>"; };
		16E655A92D8510D000BF1A1E /* Preview Assets.xcassets */ = {isa = PBXFileReference; lastKnownFileType = folder.assetcatalog; path = "Preview Assets.xcassets"; sourceTree = "<group>"; };
		16E655AF2D8510D000BF1A1E /* LifePilot2Tests.xctest */ = {isa = PBXFileReference; explicitFileType = wrapper.cfbundle; includeInIndex = 0; path = LifePilot2Tests.xctest; sourceTree = BUILT_PRODUCTS_DIR; };
		16E655B32D8510D000BF1A1E /* LifePilot2Tests.swift */ = {isa = PBXFileReference; lastKnownFileType = sourcecode.swift; path = LifePilot2Tests.swift; sourceTree = "<group>"; };
		16E655B92D8510D000BF1A1E /* LifePilot2UITests.xctest */ = {isa = PBXFileReference; explicitFileType = wrapper.cfbundle; includeInIndex = 0; path = LifePilot2UITests.xctest; sourceTree = BUILT_PRODUCTS_DIR; };
		16E655BD2D8510D000BF1A1E /* LifePilot2UITests.swift */ = {isa = PBXFileReference; lastKnownFileType = sourcecode.swift; path = LifePilot2UITests.swift; sourceTree = "<group>"; };
		16E655BF2D8510D000BF1A1E /* LifePilot2UITestsLaunchTests.swift */ = {isa = PBXFileReference; lastKnownFileType = sourcecode.swift; path = LifePilot2UITestsLaunchTests.swift; sourceTree = "<group>"; };
		16E655D02D8511DA00BF1A1E /* WeeklyScheduleView.swift */ = {isa = PBXFileReference; lastKnownFileType = sourcecode.swift; path = WeeklyScheduleView.swift; sourceTree = "<group>"; };
		16E655D22D8511FA00BF1A1E /* WeeklyScheduleViewModel.swift */ = {isa = PBXFileReference; lastKnownFileType = sourcecode.swift; path = WeeklyScheduleViewModel.swift; sourceTree = "<group>"; };
		16E655D42D85122100BF1A1E /* ScheduleModels.swift */ = {isa = PBXFileReference; lastKnownFileType = sourcecode.swift; path = ScheduleModels.swift; sourceTree = "<group>"; };
		16E655D62D85124F00BF1A1E /* OnboardingView.swift */ = {isa = PBXFileReference; lastKnownFileType = sourcecode.swift; path = OnboardingView.swift; sourceTree = "<group>"; };
		16E655D92D85128700BF1A1E /* OnboardingCoordinator.swift */ = {isa = PBXFileReference; lastKnownFileType = sourcecode.swift; path = OnboardingCoordinator.swift; sourceTree = "<group>"; };
		16E655DB2D8512A900BF1A1E /* PersonalizedAnalysisView.swift */ = {isa = PBXFileReference; lastKnownFileType = sourcecode.swift; path = PersonalizedAnalysisView.swift; sourceTree = "<group>"; };
		16E655DE2D8512DF00BF1A1E /* EvidenceLinkView.swift */ = {isa = PBXFileReference; lastKnownFileType = sourcecode.swift; path = EvidenceLinkView.swift; sourceTree = "<group>"; };
		16E655E02D8512FA00BF1A1E /* RecommendationCardView.swift */ = {isa = PBXFileReference; lastKnownFileType = sourcecode.swift; path = RecommendationCardView.swift; sourceTree = "<group>"; };
		16E655E22D85131500BF1A1E /* InsightCardView.swift */ = {isa = PBXFileReference; lastKnownFileType = sourcecode.swift; path = InsightCardView.swift; sourceTree = "<group>"; };
		16E655E42D85135B00BF1A1E /* FirebaseService.swift */ = {isa = PBXFileReference; lastKnownFileType = sourcecode.swift; path = FirebaseService.swift; sourceTree = "<group>"; };
		16E655E62D85137B00BF1A1E /* CohereService.swift */ = {isa = PBXFileReference; lastKnownFileType = sourcecode.swift; path = CohereService.swift; sourceTree = "<group>"; };
		16E655E82D8513C900BF1A1E /* UserModels.swift */ = {isa = PBXFileReference; lastKnownFileType = sourcecode.swift; path = UserModels.swift; sourceTree = "<group>"; };
		16E655EA2D85140700BF1A1E /* AppConfig.swift */ = {isa = PBXFileReference; lastKnownFileType = sourcecode.swift; path = AppConfig.swift; sourceTree = "<group>"; };
		16E655EC2D85194C00BF1A1E /* PersonalizedAnalysisViewModel.swift */ = {isa = PBXFileReference; lastKnownFileType = sourcecode.swift; path = PersonalizedAnalysisViewModel.swift; sourceTree = "<group>"; };
		16E655EE2D8520D200BF1A1E /* GoogleService-Info.plist */ = {isa = PBXFileReference; fileEncoding = 4; lastKnownFileType = text.plist.xml; path = "GoogleService-Info.plist"; sourceTree = "<group>"; };
		16E89DBF2D87AA64009E2CE0 /* AuthViewModel.swift */ = {isa = PBXFileReference; lastKnownFileType = sourcecode.swift; path = AuthViewModel.swift; sourceTree = "<group>"; };
		16E89DC12D87AAC8009E2CE0 /* AuthView.swift */ = {isa = PBXFileReference; lastKnownFileType = sourcecode.swift; path = AuthView.swift; sourceTree = "<group>"; };
		16E89DC32D87AB21009E2CE0 /* SettingsView.swift */ = {isa = PBXFileReference; lastKnownFileType = sourcecode.swift; path = SettingsView.swift; sourceTree = "<group>"; };
		16E89DC52D87B2C9009E2CE0 /* FirebaseConfigCheck.swift */ = {isa = PBXFileReference; lastKnownFileType = sourcecode.swift; path = FirebaseConfigCheck.swift; sourceTree = "<group>"; };
		16E89DC72D87B874009E2CE0 /* AuthLoadingView.swift */ = {isa = PBXFileReference; lastKnownFileType = sourcecode.swift; path = AuthLoadingView.swift; sourceTree = "<group>"; };
		16E89DC92D87B967009E2CE0 /* AuthErrorView.swift */ = {isa = PBXFileReference; lastKnownFileType = sourcecode.swift; path = AuthErrorView.swift; sourceTree = "<group>"; };
/* End PBXFileReference section */

/* Begin PBXFrameworksBuildPhase section */
		16E655992D8510CB00BF1A1E /* Frameworks */ = {
			isa = PBXFrameworksBuildPhase;
			buildActionMask = 2147483647;
			files = (
				16E655F22D85247E00BF1A1E /* FirebaseAuth in Frameworks */,
				16E655F42D85247E00BF1A1E /* FirebaseFirestore in Frameworks */,
			);
			runOnlyForDeploymentPostprocessing = 0;
		};
		16E655AC2D8510D000BF1A1E /* Frameworks */ = {
			isa = PBXFrameworksBuildPhase;
			buildActionMask = 2147483647;
			files = (
			);
			runOnlyForDeploymentPostprocessing = 0;
		};
		16E655B62D8510D000BF1A1E /* Frameworks */ = {
			isa = PBXFrameworksBuildPhase;
			buildActionMask = 2147483647;
			files = (
			);
			runOnlyForDeploymentPostprocessing = 0;
		};
/* End PBXFrameworksBuildPhase section */

/* Begin PBXGroup section */
		16E655932D8510CB00BF1A1E = {
			isa = PBXGroup;
			children = (
				16E6559E2D8510CB00BF1A1E /* LifePilot2 */,
				16E655B22D8510D000BF1A1E /* LifePilot2Tests */,
				16E655BC2D8510D000BF1A1E /* LifePilot2UITests */,
				16E6559D2D8510CB00BF1A1E /* Products */,
			);
			sourceTree = "<group>";
		};
		16E6559D2D8510CB00BF1A1E /* Products */ = {
			isa = PBXGroup;
			children = (
				16E6559C2D8510CB00BF1A1E /* LifePilot2.app */,
				16E655AF2D8510D000BF1A1E /* LifePilot2Tests.xctest */,
				16E655B92D8510D000BF1A1E /* LifePilot2UITests.xctest */,
			);
			name = Products;
			sourceTree = "<group>";
		};
		16E6559E2D8510CB00BF1A1E /* LifePilot2 */ = {
			isa = PBXGroup;
			children = (
				16E655D82D85127300BF1A1E /* Coordinators */,
				16E655CF2D8511AA00BF1A1E /* Services */,
				16E655CE2D85119E00BF1A1E /* Views */,
				16E655CD2D85118C00BF1A1E /* ViewModels */,
				16E655CC2D85118100BF1A1E /* Models */,
				16E6559F2D8510CB00BF1A1E /* LifePilot2App.swift */,
				16E655A12D8510CB00BF1A1E /* ContentView.swift */,
				16E655A32D8510CB00BF1A1E /* Item.swift */,
				16E655A52D8510CF00BF1A1E /* Assets.xcassets */,
				16E655A72D8510CF00BF1A1E /* LifePilot2.entitlements */,
				16E655EE2D8520D200BF1A1E /* GoogleService-Info.plist */,
				16E655A82D8510D000BF1A1E /* Preview Content */,
			);
			path = LifePilot2;
			sourceTree = "<group>";
		};
		16E655A82D8510D000BF1A1E /* Preview Content */ = {
			isa = PBXGroup;
			children = (
				16E655A92D8510D000BF1A1E /* Preview Assets.xcassets */,
			);
			path = "Preview Content";
			sourceTree = "<group>";
		};
		16E655B22D8510D000BF1A1E /* LifePilot2Tests */ = {
			isa = PBXGroup;
			children = (
				16E655B32D8510D000BF1A1E /* LifePilot2Tests.swift */,
			);
			path = LifePilot2Tests;
			sourceTree = "<group>";
		};
		16E655BC2D8510D000BF1A1E /* LifePilot2UITests */ = {
			isa = PBXGroup;
			children = (
				16E655BD2D8510D000BF1A1E /* LifePilot2UITests.swift */,
				16E655BF2D8510D000BF1A1E /* LifePilot2UITestsLaunchTests.swift */,
			);
			path = LifePilot2UITests;
			sourceTree = "<group>";
		};
		16E655CC2D85118100BF1A1E /* Models */ = {
			isa = PBXGroup;
			children = (
				16E655D42D85122100BF1A1E /* ScheduleModels.swift */,
				16E655E82D8513C900BF1A1E /* UserModels.swift */,
			);
			path = Models;
			sourceTree = "<group>";
		};
		16E655CD2D85118C00BF1A1E /* ViewModels */ = {
			isa = PBXGroup;
			children = (
				16E655D22D8511FA00BF1A1E /* WeeklyScheduleViewModel.swift */,
				16E655EC2D85194C00BF1A1E /* PersonalizedAnalysisViewModel.swift */,
				16E89DBF2D87AA64009E2CE0 /* AuthViewModel.swift */,
			);
			path = ViewModels;
			sourceTree = "<group>";
		};
		16E655CE2D85119E00BF1A1E /* Views */ = {
			isa = PBXGroup;
			children = (
				16E655DD2D8512CE00BF1A1E /* Components */,
				16E655D02D8511DA00BF1A1E /* WeeklyScheduleView.swift */,
				16E655D62D85124F00BF1A1E /* OnboardingView.swift */,
				16E655DB2D8512A900BF1A1E /* PersonalizedAnalysisView.swift */,
				16E89DC12D87AAC8009E2CE0 /* AuthView.swift */,
				16E89DC32D87AB21009E2CE0 /* SettingsView.swift */,
			);
			path = Views;
			sourceTree = "<group>";
		};
		16E655CF2D8511AA00BF1A1E /* Services */ = {
			isa = PBXGroup;
			children = (
				16E655E42D85135B00BF1A1E /* FirebaseService.swift */,
				16E655E62D85137B00BF1A1E /* CohereService.swift */,
				16E655EA2D85140700BF1A1E /* AppConfig.swift */,
				16E89DC52D87B2C9009E2CE0 /* FirebaseConfigCheck.swift */,
			);
			path = Services;
			sourceTree = "<group>";
		};
		16E655D82D85127300BF1A1E /* Coordinators */ = {
			isa = PBXGroup;
			children = (
				16E655D92D85128700BF1A1E /* OnboardingCoordinator.swift */,
			);
			path = Coordinators;
			sourceTree = "<group>";
		};
		16E655DD2D8512CE00BF1A1E /* Components */ = {
			isa = PBXGroup;
			children = (
				16E655DE2D8512DF00BF1A1E /* EvidenceLinkView.swift */,
				16E655E02D8512FA00BF1A1E /* RecommendationCardView.swift */,
				16E655E22D85131500BF1A1E /* InsightCardView.swift */,
				16E89DC72D87B874009E2CE0 /* AuthLoadingView.swift */,
				16E89DC92D87B967009E2CE0 /* AuthErrorView.swift */,
			);
			path = Components;
			sourceTree = "<group>";
		};
/* End PBXGroup section */

/* Begin PBXNativeTarget section */
		16E6559B2D8510CB00BF1A1E /* LifePilot2 */ = {
			isa = PBXNativeTarget;
			buildConfigurationList = 16E655C32D8510D000BF1A1E /* Build configuration list for PBXNativeTarget "LifePilot2" */;
			buildPhases = (
				16E655982D8510CB00BF1A1E /* Sources */,
				16E655992D8510CB00BF1A1E /* Frameworks */,
				16E6559A2D8510CB00BF1A1E /* Resources */,
			);
			buildRules = (
			);
			dependencies = (
			);
			name = LifePilot2;
			packageProductDependencies = (
				16E655F12D85247E00BF1A1E /* FirebaseAuth */,
				16E655F32D85247E00BF1A1E /* FirebaseFirestore */,
			);
			productName = LifePilot2;
			productReference = 16E6559C2D8510CB00BF1A1E /* LifePilot2.app */;
			productType = "com.apple.product-type.application";
		};
		16E655AE2D8510D000BF1A1E /* LifePilot2Tests */ = {
			isa = PBXNativeTarget;
			buildConfigurationList = 16E655C62D8510D000BF1A1E /* Build configuration list for PBXNativeTarget "LifePilot2Tests" */;
			buildPhases = (
				16E655AB2D8510D000BF1A1E /* Sources */,
				16E655AC2D8510D000BF1A1E /* Frameworks */,
				16E655AD2D8510D000BF1A1E /* Resources */,
			);
			buildRules = (
			);
			dependencies = (
				16E655B12D8510D000BF1A1E /* PBXTargetDependency */,
			);
			name = LifePilot2Tests;
			productName = LifePilot2Tests;
			productReference = 16E655AF2D8510D000BF1A1E /* LifePilot2Tests.xctest */;
			productType = "com.apple.product-type.bundle.unit-test";
		};
		16E655B82D8510D000BF1A1E /* LifePilot2UITests */ = {
			isa = PBXNativeTarget;
			buildConfigurationList = 16E655C92D8510D000BF1A1E /* Build configuration list for PBXNativeTarget "LifePilot2UITests" */;
			buildPhases = (
				16E655B52D8510D000BF1A1E /* Sources */,
				16E655B62D8510D000BF1A1E /* Frameworks */,
				16E655B72D8510D000BF1A1E /* Resources */,
			);
			buildRules = (
			);
			dependencies = (
				16E655BB2D8510D000BF1A1E /* PBXTargetDependency */,
			);
			name = LifePilot2UITests;
			productName = LifePilot2UITests;
			productReference = 16E655B92D8510D000BF1A1E /* LifePilot2UITests.xctest */;
			productType = "com.apple.product-type.bundle.ui-testing";
		};
/* End PBXNativeTarget section */

/* Begin PBXProject section */
		16E655942D8510CB00BF1A1E /* Project object */ = {
			isa = PBXProject;
			attributes = {
				BuildIndependentTargetsInParallel = 1;
				LastSwiftUpdateCheck = 1520;
				LastUpgradeCheck = 1520;
				TargetAttributes = {
					16E6559B2D8510CB00BF1A1E = {
						CreatedOnToolsVersion = 15.2;
					};
					16E655AE2D8510D000BF1A1E = {
						CreatedOnToolsVersion = 15.2;
						TestTargetID = 16E6559B2D8510CB00BF1A1E;
					};
					16E655B82D8510D000BF1A1E = {
						CreatedOnToolsVersion = 15.2;
						TestTargetID = 16E6559B2D8510CB00BF1A1E;
					};
				};
			};
			buildConfigurationList = 16E655972D8510CB00BF1A1E /* Build configuration list for PBXProject "LifePilot2" */;
			compatibilityVersion = "Xcode 14.0";
			developmentRegion = en;
			hasScannedForEncodings = 0;
			knownRegions = (
				en,
				Base,
			);
			mainGroup = 16E655932D8510CB00BF1A1E;
			packageReferences = (
				16E655F02D85229600BF1A1E /* XCRemoteSwiftPackageReference "firebase-ios-sdk" */,
			);
			productRefGroup = 16E6559D2D8510CB00BF1A1E /* Products */;
			projectDirPath = "";
			projectRoot = "";
			targets = (
				16E6559B2D8510CB00BF1A1E /* LifePilot2 */,
				16E655AE2D8510D000BF1A1E /* LifePilot2Tests */,
				16E655B82D8510D000BF1A1E /* LifePilot2UITests */,
			);
		};
/* End PBXProject section */

/* Begin PBXResourcesBuildPhase section */
		16E6559A2D8510CB00BF1A1E /* Resources */ = {
			isa = PBXResourcesBuildPhase;
			buildActionMask = 2147483647;
			files = (
				16E655AA2D8510D000BF1A1E /* Preview Assets.xcassets in Resources */,
				16E655A62D8510CF00BF1A1E /* Assets.xcassets in Resources */,
				16E655EF2D8520D200BF1A1E /* GoogleService-Info.plist in Resources */,
			);
			runOnlyForDeploymentPostprocessing = 0;
		};
		16E655AD2D8510D000BF1A1E /* Resources */ = {
			isa = PBXResourcesBuildPhase;
			buildActionMask = 2147483647;
			files = (
			);
			runOnlyForDeploymentPostprocessing = 0;
		};
		16E655B72D8510D000BF1A1E /* Resources */ = {
			isa = PBXResourcesBuildPhase;
			buildActionMask = 2147483647;
			files = (
			);
			runOnlyForDeploymentPostprocessing = 0;
		};
/* End PBXResourcesBuildPhase section */

/* Begin PBXSourcesBuildPhase section */
		16E655982D8510CB00BF1A1E /* Sources */ = {
			isa = PBXSourcesBuildPhase;
			buildActionMask = 2147483647;
			files = (
				16E89DC02D87AA64009E2CE0 /* AuthViewModel.swift in Sources */,
				16E655D12D8511DA00BF1A1E /* WeeklyScheduleView.swift in Sources */,
				16E89DCA2D87B967009E2CE0 /* AuthErrorView.swift in Sources */,
				16E655EB2D85140700BF1A1E /* AppConfig.swift in Sources */,
				16E655E92D8513C900BF1A1E /* UserModels.swift in Sources */,
				16E655A22D8510CB00BF1A1E /* ContentView.swift in Sources */,
				16E655A42D8510CB00BF1A1E /* Item.swift in Sources */,
				16E655DC2D8512A900BF1A1E /* PersonalizedAnalysisView.swift in Sources */,
				16E655D32D8511FA00BF1A1E /* WeeklyScheduleViewModel.swift in Sources */,
				16E655D52D85122100BF1A1E /* ScheduleModels.swift in Sources */,
				16E89DC62D87B2C9009E2CE0 /* FirebaseConfigCheck.swift in Sources */,
				16E655ED2D85194C00BF1A1E /* PersonalizedAnalysisViewModel.swift in Sources */,
				16E89DC82D87B874009E2CE0 /* AuthLoadingView.swift in Sources */,
				16E655DA2D85128700BF1A1E /* OnboardingCoordinator.swift in Sources */,
				16E655E52D85135B00BF1A1E /* FirebaseService.swift in Sources */,
				16E655E32D85131500BF1A1E /* InsightCardView.swift in Sources */,
				16E89DC22D87AAC9009E2CE0 /* AuthView.swift in Sources */,
				16E655A02D8510CB00BF1A1E /* LifePilot2App.swift in Sources */,
				16E655E12D8512FA00BF1A1E /* RecommendationCardView.swift in Sources */,
				16E655E72D85137B00BF1A1E /* CohereService.swift in Sources */,
				16E655D72D85124F00BF1A1E /* OnboardingView.swift in Sources */,
				16E655DF2D8512DF00BF1A1E /* EvidenceLinkView.swift in Sources */,
				16E89DC42D87AB21009E2CE0 /* SettingsView.swift in Sources */,
			);
			runOnlyForDeploymentPostprocessing = 0;
		};
		16E655AB2D8510D000BF1A1E /* Sources */ = {
			isa = PBXSourcesBuildPhase;
			buildActionMask = 2147483647;
			files = (
				16E655B42D8510D000BF1A1E /* LifePilot2Tests.swift in Sources */,
			);
			runOnlyForDeploymentPostprocessing = 0;
		};
		16E655B52D8510D000BF1A1E /* Sources */ = {
			isa = PBXSourcesBuildPhase;
			buildActionMask = 2147483647;
			files = (
				16E655C02D8510D000BF1A1E /* LifePilot2UITestsLaunchTests.swift in Sources */,
				16E655BE2D8510D000BF1A1E /* LifePilot2UITests.swift in Sources */,
			);
			runOnlyForDeploymentPostprocessing = 0;
		};
/* End PBXSourcesBuildPhase section */

/* Begin PBXTargetDependency section */
		16E655B12D8510D000BF1A1E /* PBXTargetDependency */ = {
			isa = PBXTargetDependency;
			target = 16E6559B2D8510CB00BF1A1E /* LifePilot2 */;
			targetProxy = 16E655B02D8510D000BF1A1E /* PBXContainerItemProxy */;
		};
		16E655BB2D8510D000BF1A1E /* PBXTargetDependency */ = {
			isa = PBXTargetDependency;
			target = 16E6559B2D8510CB00BF1A1E /* LifePilot2 */;
			targetProxy = 16E655BA2D8510D000BF1A1E /* PBXContainerItemProxy */;
		};
/* End PBXTargetDependency section */

/* Begin XCBuildConfiguration section */
		16E655C12D8510D000BF1A1E /* Debug */ = {
			isa = XCBuildConfiguration;
			buildSettings = {
				ALWAYS_SEARCH_USER_PATHS = NO;
				ASSETCATALOG_COMPILER_GENERATE_SWIFT_ASSET_SYMBOL_EXTENSIONS = YES;
				CLANG_ANALYZER_NONNULL = YES;
				CLANG_ANALYZER_NUMBER_OBJECT_CONVERSION = YES_AGGRESSIVE;
				CLANG_CXX_LANGUAGE_STANDARD = "gnu++20";
				CLANG_ENABLE_MODULES = YES;
				CLANG_ENABLE_OBJC_ARC = YES;
				CLANG_ENABLE_OBJC_WEAK = YES;
				CLANG_WARN_BLOCK_CAPTURE_AUTORELEASING = YES;
				CLANG_WARN_BOOL_CONVERSION = YES;
				CLANG_WARN_COMMA = YES;
				CLANG_WARN_CONSTANT_CONVERSION = YES;
				CLANG_WARN_DEPRECATED_OBJC_IMPLEMENTATIONS = YES;
				CLANG_WARN_DIRECT_OBJC_ISA_USAGE = YES_ERROR;
				CLANG_WARN_DOCUMENTATION_COMMENTS = YES;
				CLANG_WARN_EMPTY_BODY = YES;
				CLANG_WARN_ENUM_CONVERSION = YES;
				CLANG_WARN_INFINITE_RECURSION = YES;
				CLANG_WARN_INT_CONVERSION = YES;
				CLANG_WARN_NON_LITERAL_NULL_CONVERSION = YES;
				CLANG_WARN_OBJC_IMPLICIT_RETAIN_SELF = YES;
				CLANG_WARN_OBJC_LITERAL_CONVERSION = YES;
				CLANG_WARN_OBJC_ROOT_CLASS = YES_ERROR;
				CLANG_WARN_QUOTED_INCLUDE_IN_FRAMEWORK_HEADER = YES;
				CLANG_WARN_RANGE_LOOP_ANALYSIS = YES;
				CLANG_WARN_STRICT_PROTOTYPES = YES;
				CLANG_WARN_SUSPICIOUS_MOVE = YES;
				CLANG_WARN_UNGUARDED_AVAILABILITY = YES_AGGRESSIVE;
				CLANG_WARN_UNREACHABLE_CODE = YES;
				CLANG_WARN__DUPLICATE_METHOD_MATCH = YES;
				COPY_PHASE_STRIP = NO;
				DEBUG_INFORMATION_FORMAT = dwarf;
				ENABLE_STRICT_OBJC_MSGSEND = YES;
				ENABLE_TESTABILITY = YES;
				ENABLE_USER_SCRIPT_SANDBOXING = YES;
				GCC_C_LANGUAGE_STANDARD = gnu17;
				GCC_DYNAMIC_NO_PIC = NO;
				GCC_NO_COMMON_BLOCKS = YES;
				GCC_OPTIMIZATION_LEVEL = 0;
				GCC_PREPROCESSOR_DEFINITIONS = (
					"DEBUG=1",
					"$(inherited)",
				);
				GCC_WARN_64_TO_32_BIT_CONVERSION = YES;
				GCC_WARN_ABOUT_RETURN_TYPE = YES_ERROR;
				GCC_WARN_UNDECLARED_SELECTOR = YES;
				GCC_WARN_UNINITIALIZED_AUTOS = YES_AGGRESSIVE;
				GCC_WARN_UNUSED_FUNCTION = YES;
				GCC_WARN_UNUSED_VARIABLE = YES;
				LOCALIZATION_PREFERS_STRING_CATALOGS = YES;
				MTL_ENABLE_DEBUG_INFO = INCLUDE_SOURCE;
				MTL_FAST_MATH = YES;
				ONLY_ACTIVE_ARCH = YES;
				SWIFT_ACTIVE_COMPILATION_CONDITIONS = "DEBUG $(inherited)";
				SWIFT_OPTIMIZATION_LEVEL = "-Onone";
			};
			name = Debug;
		};
		16E655C22D8510D000BF1A1E /* Release */ = {
			isa = XCBuildConfiguration;
			buildSettings = {
				ALWAYS_SEARCH_USER_PATHS = NO;
				ASSETCATALOG_COMPILER_GENERATE_SWIFT_ASSET_SYMBOL_EXTENSIONS = YES;
				CLANG_ANALYZER_NONNULL = YES;
				CLANG_ANALYZER_NUMBER_OBJECT_CONVERSION = YES_AGGRESSIVE;
				CLANG_CXX_LANGUAGE_STANDARD = "gnu++20";
				CLANG_ENABLE_MODULES = YES;
				CLANG_ENABLE_OBJC_ARC = YES;
				CLANG_ENABLE_OBJC_WEAK = YES;
				CLANG_WARN_BLOCK_CAPTURE_AUTORELEASING = YES;
				CLANG_WARN_BOOL_CONVERSION = YES;
				CLANG_WARN_COMMA = YES;
				CLANG_WARN_CONSTANT_CONVERSION = YES;
				CLANG_WARN_DEPRECATED_OBJC_IMPLEMENTATIONS = YES;
				CLANG_WARN_DIRECT_OBJC_ISA_USAGE = YES_ERROR;
				CLANG_WARN_DOCUMENTATION_COMMENTS = YES;
				CLANG_WARN_EMPTY_BODY = YES;
				CLANG_WARN_ENUM_CONVERSION = YES;
				CLANG_WARN_INFINITE_RECURSION = YES;
				CLANG_WARN_INT_CONVERSION = YES;
				CLANG_WARN_NON_LITERAL_NULL_CONVERSION = YES;
				CLANG_WARN_OBJC_IMPLICIT_RETAIN_SELF = YES;
				CLANG_WARN_OBJC_LITERAL_CONVERSION = YES;
				CLANG_WARN_OBJC_ROOT_CLASS = YES_ERROR;
				CLANG_WARN_QUOTED_INCLUDE_IN_FRAMEWORK_HEADER = YES;
				CLANG_WARN_RANGE_LOOP_ANALYSIS = YES;
				CLANG_WARN_STRICT_PROTOTYPES = YES;
				CLANG_WARN_SUSPICIOUS_MOVE = YES;
				CLANG_WARN_UNGUARDED_AVAILABILITY = YES_AGGRESSIVE;
				CLANG_WARN_UNREACHABLE_CODE = YES;
				CLANG_WARN__DUPLICATE_METHOD_MATCH = YES;
				COPY_PHASE_STRIP = NO;
				DEBUG_INFORMATION_FORMAT = "dwarf-with-dsym";
				ENABLE_NS_ASSERTIONS = NO;
				ENABLE_STRICT_OBJC_MSGSEND = YES;
				ENABLE_USER_SCRIPT_SANDBOXING = YES;
				GCC_C_LANGUAGE_STANDARD = gnu17;
				GCC_NO_COMMON_BLOCKS = YES;
				GCC_WARN_64_TO_32_BIT_CONVERSION = YES;
				GCC_WARN_ABOUT_RETURN_TYPE = YES_ERROR;
				GCC_WARN_UNDECLARED_SELECTOR = YES;
				GCC_WARN_UNINITIALIZED_AUTOS = YES_AGGRESSIVE;
				GCC_WARN_UNUSED_FUNCTION = YES;
				GCC_WARN_UNUSED_VARIABLE = YES;
				LOCALIZATION_PREFERS_STRING_CATALOGS = YES;
				MTL_ENABLE_DEBUG_INFO = NO;
				MTL_FAST_MATH = YES;
				SWIFT_COMPILATION_MODE = wholemodule;
			};
			name = Release;
		};
		16E655C42D8510D000BF1A1E /* Debug */ = {
			isa = XCBuildConfiguration;
			buildSettings = {
				ASSETCATALOG_COMPILER_APPICON_NAME = AppIcon;
				ASSETCATALOG_COMPILER_GLOBAL_ACCENT_COLOR_NAME = AccentColor;
				CODE_SIGN_ENTITLEMENTS = LifePilot2/LifePilot2.entitlements;
				CODE_SIGN_STYLE = Automatic;
				CURRENT_PROJECT_VERSION = 1;
				DEVELOPMENT_ASSET_PATHS = "\"LifePilot2/Preview Content\"";
				DEVELOPMENT_TEAM = 673FVFG8F5;
				ENABLE_HARDENED_RUNTIME = YES;
				ENABLE_PREVIEWS = YES;
				GENERATE_INFOPLIST_FILE = YES;
				"INFOPLIST_KEY_UIApplicationSceneManifest_Generation[sdk=iphoneos*]" = YES;
				"INFOPLIST_KEY_UIApplicationSceneManifest_Generation[sdk=iphonesimulator*]" = YES;
				"INFOPLIST_KEY_UIApplicationSupportsIndirectInputEvents[sdk=iphoneos*]" = YES;
				"INFOPLIST_KEY_UIApplicationSupportsIndirectInputEvents[sdk=iphonesimulator*]" = YES;
				"INFOPLIST_KEY_UILaunchScreen_Generation[sdk=iphoneos*]" = YES;
				"INFOPLIST_KEY_UILaunchScreen_Generation[sdk=iphonesimulator*]" = YES;
				"INFOPLIST_KEY_UIStatusBarStyle[sdk=iphoneos*]" = UIStatusBarStyleDefault;
				"INFOPLIST_KEY_UIStatusBarStyle[sdk=iphonesimulator*]" = UIStatusBarStyleDefault;
				INFOPLIST_KEY_UISupportedInterfaceOrientations_iPad = "UIInterfaceOrientationPortrait UIInterfaceOrientationPortraitUpsideDown UIInterfaceOrientationLandscapeLeft UIInterfaceOrientationLandscapeRight";
				INFOPLIST_KEY_UISupportedInterfaceOrientations_iPhone = "UIInterfaceOrientationPortrait UIInterfaceOrientationLandscapeLeft UIInterfaceOrientationLandscapeRight";
				IPHONEOS_DEPLOYMENT_TARGET = 17.2;
				LD_RUNPATH_SEARCH_PATHS = "@executable_path/Frameworks";
				"LD_RUNPATH_SEARCH_PATHS[sdk=macosx*]" = "@executable_path/../Frameworks";
				MACOSX_DEPLOYMENT_TARGET = 14.0;
				MARKETING_VERSION = 1.0;
				PRODUCT_BUNDLE_IDENTIFIER = com.mohamedredaoumahdi.lifepilot.LifePilot2;
				PRODUCT_NAME = "$(TARGET_NAME)";
				SDKROOT = auto;
				SUPPORTED_PLATFORMS = "iphoneos iphonesimulator macosx";
				SWIFT_EMIT_LOC_STRINGS = YES;
				SWIFT_VERSION = 5.0;
				TARGETED_DEVICE_FAMILY = "1,2";
			};
			name = Debug;
		};
		16E655C52D8510D000BF1A1E /* Release */ = {
			isa = XCBuildConfiguration;
			buildSettings = {
				ASSETCATALOG_COMPILER_APPICON_NAME = AppIcon;
				ASSETCATALOG_COMPILER_GLOBAL_ACCENT_COLOR_NAME = AccentColor;
				CODE_SIGN_ENTITLEMENTS = LifePilot2/LifePilot2.entitlements;
				CODE_SIGN_STYLE = Automatic;
				CURRENT_PROJECT_VERSION = 1;
				DEVELOPMENT_ASSET_PATHS = "\"LifePilot2/Preview Content\"";
				DEVELOPMENT_TEAM = 673FVFG8F5;
				ENABLE_HARDENED_RUNTIME = YES;
				ENABLE_PREVIEWS = YES;
				GENERATE_INFOPLIST_FILE = YES;
				"INFOPLIST_KEY_UIApplicationSceneManifest_Generation[sdk=iphoneos*]" = YES;
				"INFOPLIST_KEY_UIApplicationSceneManifest_Generation[sdk=iphonesimulator*]" = YES;
				"INFOPLIST_KEY_UIApplicationSupportsIndirectInputEvents[sdk=iphoneos*]" = YES;
				"INFOPLIST_KEY_UIApplicationSupportsIndirectInputEvents[sdk=iphonesimulator*]" = YES;
				"INFOPLIST_KEY_UILaunchScreen_Generation[sdk=iphoneos*]" = YES;
				"INFOPLIST_KEY_UILaunchScreen_Generation[sdk=iphonesimulator*]" = YES;
				"INFOPLIST_KEY_UIStatusBarStyle[sdk=iphoneos*]" = UIStatusBarStyleDefault;
				"INFOPLIST_KEY_UIStatusBarStyle[sdk=iphonesimulator*]" = UIStatusBarStyleDefault;
				INFOPLIST_KEY_UISupportedInterfaceOrientations_iPad = "UIInterfaceOrientationPortrait UIInterfaceOrientationPortraitUpsideDown UIInterfaceOrientationLandscapeLeft UIInterfaceOrientationLandscapeRight";
				INFOPLIST_KEY_UISupportedInterfaceOrientations_iPhone = "UIInterfaceOrientationPortrait UIInterfaceOrientationLandscapeLeft UIInterfaceOrientationLandscapeRight";
				IPHONEOS_DEPLOYMENT_TARGET = 17.2;
				LD_RUNPATH_SEARCH_PATHS = "@executable_path/Frameworks";
				"LD_RUNPATH_SEARCH_PATHS[sdk=macosx*]" = "@executable_path/../Frameworks";
				MACOSX_DEPLOYMENT_TARGET = 14.0;
				MARKETING_VERSION = 1.0;
				PRODUCT_BUNDLE_IDENTIFIER = com.mohamedredaoumahdi.lifepilot.LifePilot2;
				PRODUCT_NAME = "$(TARGET_NAME)";
				SDKROOT = auto;
				SUPPORTED_PLATFORMS = "iphoneos iphonesimulator macosx";
				SWIFT_EMIT_LOC_STRINGS = YES;
				SWIFT_VERSION = 5.0;
				TARGETED_DEVICE_FAMILY = "1,2";
			};
			name = Release;
		};
		16E655C72D8510D000BF1A1E /* Debug */ = {
			isa = XCBuildConfiguration;
			buildSettings = {
				ALWAYS_EMBED_SWIFT_STANDARD_LIBRARIES = YES;
				BUNDLE_LOADER = "$(TEST_HOST)";
				CODE_SIGN_STYLE = Automatic;
				CURRENT_PROJECT_VERSION = 1;
				DEVELOPMENT_TEAM = 673FVFG8F5;
				GENERATE_INFOPLIST_FILE = YES;
				IPHONEOS_DEPLOYMENT_TARGET = 17.2;
				MACOSX_DEPLOYMENT_TARGET = 13.7;
				MARKETING_VERSION = 1.0;
				PRODUCT_BUNDLE_IDENTIFIER = com.mohamedredaoumahdi.lifepilot.LifePilot2Tests;
				PRODUCT_NAME = "$(TARGET_NAME)";
				SDKROOT = auto;
				SUPPORTED_PLATFORMS = "iphoneos iphonesimulator macosx";
				SWIFT_EMIT_LOC_STRINGS = NO;
				SWIFT_VERSION = 5.0;
				TARGETED_DEVICE_FAMILY = "1,2";
				TEST_HOST = "$(BUILT_PRODUCTS_DIR)/LifePilot2.app/$(BUNDLE_EXECUTABLE_FOLDER_PATH)/LifePilot2";
			};
			name = Debug;
		};
		16E655C82D8510D000BF1A1E /* Release */ = {
			isa = XCBuildConfiguration;
			buildSettings = {
				ALWAYS_EMBED_SWIFT_STANDARD_LIBRARIES = YES;
				BUNDLE_LOADER = "$(TEST_HOST)";
				CODE_SIGN_STYLE = Automatic;
				CURRENT_PROJECT_VERSION = 1;
				DEVELOPMENT_TEAM = 673FVFG8F5;
				GENERATE_INFOPLIST_FILE = YES;
				IPHONEOS_DEPLOYMENT_TARGET = 17.2;
				MACOSX_DEPLOYMENT_TARGET = 13.7;
				MARKETING_VERSION = 1.0;
				PRODUCT_BUNDLE_IDENTIFIER = com.mohamedredaoumahdi.lifepilot.LifePilot2Tests;
				PRODUCT_NAME = "$(TARGET_NAME)";
				SDKROOT = auto;
				SUPPORTED_PLATFORMS = "iphoneos iphonesimulator macosx";
				SWIFT_EMIT_LOC_STRINGS = NO;
				SWIFT_VERSION = 5.0;
				TARGETED_DEVICE_FAMILY = "1,2";
				TEST_HOST = "$(BUILT_PRODUCTS_DIR)/LifePilot2.app/$(BUNDLE_EXECUTABLE_FOLDER_PATH)/LifePilot2";
			};
			name = Release;
		};
		16E655CA2D8510D000BF1A1E /* Debug */ = {
			isa = XCBuildConfiguration;
			buildSettings = {
				ALWAYS_EMBED_SWIFT_STANDARD_LIBRARIES = YES;
				CODE_SIGN_STYLE = Automatic;
				CURRENT_PROJECT_VERSION = 1;
				DEVELOPMENT_TEAM = 673FVFG8F5;
				GENERATE_INFOPLIST_FILE = YES;
				IPHONEOS_DEPLOYMENT_TARGET = 17.2;
				MACOSX_DEPLOYMENT_TARGET = 13.7;
				MARKETING_VERSION = 1.0;
				PRODUCT_BUNDLE_IDENTIFIER = com.mohamedredaoumahdi.lifepilot.LifePilot2UITests;
				PRODUCT_NAME = "$(TARGET_NAME)";
				SDKROOT = auto;
				SUPPORTED_PLATFORMS = "iphoneos iphonesimulator macosx";
				SWIFT_EMIT_LOC_STRINGS = NO;
				SWIFT_VERSION = 5.0;
				TARGETED_DEVICE_FAMILY = "1,2";
				TEST_TARGET_NAME = LifePilot2;
			};
			name = Debug;
		};
		16E655CB2D8510D000BF1A1E /* Release */ = {
			isa = XCBuildConfiguration;
			buildSettings = {
				ALWAYS_EMBED_SWIFT_STANDARD_LIBRARIES = YES;
				CODE_SIGN_STYLE = Automatic;
				CURRENT_PROJECT_VERSION = 1;
				DEVELOPMENT_TEAM = 673FVFG8F5;
				GENERATE_INFOPLIST_FILE = YES;
				IPHONEOS_DEPLOYMENT_TARGET = 17.2;
				MACOSX_DEPLOYMENT_TARGET = 13.7;
				MARKETING_VERSION = 1.0;
				PRODUCT_BUNDLE_IDENTIFIER = com.mohamedredaoumahdi.lifepilot.LifePilot2UITests;
				PRODUCT_NAME = "$(TARGET_NAME)";
				SDKROOT = auto;
				SUPPORTED_PLATFORMS = "iphoneos iphonesimulator macosx";
				SWIFT_EMIT_LOC_STRINGS = NO;
				SWIFT_VERSION = 5.0;
				TARGETED_DEVICE_FAMILY = "1,2";
				TEST_TARGET_NAME = LifePilot2;
			};
			name = Release;
		};
/* End XCBuildConfiguration section */

/* Begin XCConfigurationList section */
		16E655972D8510CB00BF1A1E /* Build configuration list for PBXProject "LifePilot2" */ = {
			isa = XCConfigurationList;
			buildConfigurations = (
				16E655C12D8510D000BF1A1E /* Debug */,
				16E655C22D8510D000BF1A1E /* Release */,
			);
			defaultConfigurationIsVisible = 0;
			defaultConfigurationName = Release;
		};
		16E655C32D8510D000BF1A1E /* Build configuration list for PBXNativeTarget "LifePilot2" */ = {
			isa = XCConfigurationList;
			buildConfigurations = (
				16E655C42D8510D000BF1A1E /* Debug */,
				16E655C52D8510D000BF1A1E /* Release */,
			);
			defaultConfigurationIsVisible = 0;
			defaultConfigurationName = Release;
		};
		16E655C62D8510D000BF1A1E /* Build configuration list for PBXNativeTarget "LifePilot2Tests" */ = {
			isa = XCConfigurationList;
			buildConfigurations = (
				16E655C72D8510D000BF1A1E /* Debug */,
				16E655C82D8510D000BF1A1E /* Release */,
			);
			defaultConfigurationIsVisible = 0;
			defaultConfigurationName = Release;
		};
		16E655C92D8510D000BF1A1E /* Build configuration list for PBXNativeTarget "LifePilot2UITests" */ = {
			isa = XCConfigurationList;
			buildConfigurations = (
				16E655CA2D8510D000BF1A1E /* Debug */,
				16E655CB2D8510D000BF1A1E /* Release */,
			);
			defaultConfigurationIsVisible = 0;
			defaultConfigurationName = Release;
		};
/* End XCConfigurationList section */

/* Begin XCRemoteSwiftPackageReference section */
		16E655F02D85229600BF1A1E /* XCRemoteSwiftPackageReference "firebase-ios-sdk" */ = {
			isa = XCRemoteSwiftPackageReference;
			repositoryURL = "https://github.com/firebase/firebase-ios-sdk.git";
			requirement = {
				kind = upToNextMajorVersion;
				minimumVersion = 11.9.0;
			};
		};
/* End XCRemoteSwiftPackageReference section */

/* Begin XCSwiftPackageProductDependency section */
		16E655F12D85247E00BF1A1E /* FirebaseAuth */ = {
			isa = XCSwiftPackageProductDependency;
			package = 16E655F02D85229600BF1A1E /* XCRemoteSwiftPackageReference "firebase-ios-sdk" */;
			productName = FirebaseAuth;
		};
		16E655F32D85247E00BF1A1E /* FirebaseFirestore */ = {
			isa = XCSwiftPackageProductDependency;
			package = 16E655F02D85229600BF1A1E /* XCRemoteSwiftPackageReference "firebase-ios-sdk" */;
			productName = FirebaseFirestore;
		};
/* End XCSwiftPackageProductDependency section */
	};
	rootObject = 16E655942D8510CB00BF1A1E /* Project object */;
}
